// !$*UTF8*$!
{
	archiveVersion = 1;
	classes = {
	};
	objectVersion = 50;
	objects = {

/* Begin PBXBuildFile section */
		22072A32254AEDE400C02031 /* AppDelegate.swift in Sources */ = {isa = PBXBuildFile; fileRef = 22072A31254AEDE400C02031 /* AppDelegate.swift */; };
		22072A34254AEDE400C02031 /* SceneDelegate.swift in Sources */ = {isa = PBXBuildFile; fileRef = 22072A33254AEDE400C02031 /* SceneDelegate.swift */; };
		22072A37254AEDE400C02031 /* DeliveryApp.xcdatamodeld in Sources */ = {isa = PBXBuildFile; fileRef = 22072A35254AEDE400C02031 /* DeliveryApp.xcdatamodeld */; };
		22072A39254AEDE400C02031 /* ContentView.swift in Sources */ = {isa = PBXBuildFile; fileRef = 22072A38254AEDE400C02031 /* ContentView.swift */; };
		22072A3B254AEDE500C02031 /* Assets.xcassets in Resources */ = {isa = PBXBuildFile; fileRef = 22072A3A254AEDE500C02031 /* Assets.xcassets */; };
		22072A3E254AEDE500C02031 /* Preview Assets.xcassets in Resources */ = {isa = PBXBuildFile; fileRef = 22072A3D254AEDE500C02031 /* Preview Assets.xcassets */; };
		22072A41254AEDE500C02031 /* LaunchScreen.storyboard in Resources */ = {isa = PBXBuildFile; fileRef = 22072A3F254AEDE500C02031 /* LaunchScreen.storyboard */; };
		22072A4C254AEDE500C02031 /* DeliveryAppTests.swift in Sources */ = {isa = PBXBuildFile; fileRef = 22072A4B254AEDE500C02031 /* DeliveryAppTests.swift */; };
		22072A57254AEDE500C02031 /* DeliveryAppUITests.swift in Sources */ = {isa = PBXBuildFile; fileRef = 22072A56254AEDE500C02031 /* DeliveryAppUITests.swift */; };
/* End PBXBuildFile section */

/* Begin PBXContainerItemProxy section */
		22072A48254AEDE500C02031 /* PBXContainerItemProxy */ = {
			isa = PBXContainerItemProxy;
			containerPortal = 22072A26254AEDE400C02031 /* Project object */;
			proxyType = 1;
			remoteGlobalIDString = 22072A2D254AEDE400C02031;
			remoteInfo = DeliveryApp;
		};
		22072A53254AEDE500C02031 /* PBXContainerItemProxy */ = {
			isa = PBXContainerItemProxy;
			containerPortal = 22072A26254AEDE400C02031 /* Project object */;
			proxyType = 1;
			remoteGlobalIDString = 22072A2D254AEDE400C02031;
			remoteInfo = DeliveryApp;
		};
/* End PBXContainerItemProxy section */

/* Begin PBXFileReference section */
		22072A2E254AEDE400C02031 /* DeliveryApp.app */ = {isa = PBXFileReference; explicitFileType = wrapper.application; includeInIndex = 0; path = DeliveryApp.app; sourceTree = BUILT_PRODUCTS_DIR; };
		22072A31254AEDE400C02031 /* AppDelegate.swift */ = {isa = PBXFileReference; lastKnownFileType = sourcecode.swift; path = AppDelegate.swift; sourceTree = "<group>"; };
		22072A33254AEDE400C02031 /* SceneDelegate.swift */ = {isa = PBXFileReference; lastKnownFileType = sourcecode.swift; path = SceneDelegate.swift; sourceTree = "<group>"; };
		22072A36254AEDE400C02031 /* DeliveryApp.xcdatamodel */ = {isa = PBXFileReference; lastKnownFileType = wrapper.xcdatamodel; path = DeliveryApp.xcdatamodel; sourceTree = "<group>"; };
		22072A38254AEDE400C02031 /* ContentView.swift */ = {isa = PBXFileReference; lastKnownFileType = sourcecode.swift; path = ContentView.swift; sourceTree = "<group>"; };
		22072A3A254AEDE500C02031 /* Assets.xcassets */ = {isa = PBXFileReference; lastKnownFileType = folder.assetcatalog; path = Assets.xcassets; sourceTree = "<group>"; };
		22072A3D254AEDE500C02031 /* Preview Assets.xcassets */ = {isa = PBXFileReference; lastKnownFileType = folder.assetcatalog; path = "Preview Assets.xcassets"; sourceTree = "<group>"; };
		22072A40254AEDE500C02031 /* Base */ = {isa = PBXFileReference; lastKnownFileType = file.storyboard; name = Base; path = Base.lproj/LaunchScreen.storyboard; sourceTree = "<group>"; };
		22072A42254AEDE500C02031 /* Info.plist */ = {isa = PBXFileReference; lastKnownFileType = text.plist.xml; path = Info.plist; sourceTree = "<group>"; };
		22072A47254AEDE500C02031 /* DeliveryAppTests.xctest */ = {isa = PBXFileReference; explicitFileType = wrapper.cfbundle; includeInIndex = 0; path = DeliveryAppTests.xctest; sourceTree = BUILT_PRODUCTS_DIR; };
		22072A4B254AEDE500C02031 /* DeliveryAppTests.swift */ = {isa = PBXFileReference; lastKnownFileType = sourcecode.swift; path = DeliveryAppTests.swift; sourceTree = "<group>"; };
		22072A4D254AEDE500C02031 /* Info.plist */ = {isa = PBXFileReference; lastKnownFileType = text.plist.xml; path = Info.plist; sourceTree = "<group>"; };
		22072A52254AEDE500C02031 /* DeliveryAppUITests.xctest */ = {isa = PBXFileReference; explicitFileType = wrapper.cfbundle; includeInIndex = 0; path = DeliveryAppUITests.xctest; sourceTree = BUILT_PRODUCTS_DIR; };
		22072A56254AEDE500C02031 /* DeliveryAppUITests.swift */ = {isa = PBXFileReference; lastKnownFileType = sourcecode.swift; path = DeliveryAppUITests.swift; sourceTree = "<group>"; };
		22072A58254AEDE500C02031 /* Info.plist */ = {isa = PBXFileReference; lastKnownFileType = text.plist.xml; path = Info.plist; sourceTree = "<group>"; };
/* End PBXFileReference section */

/* Begin PBXFrameworksBuildPhase section */
		22072A2B254AEDE400C02031 /* Frameworks */ = {
			isa = PBXFrameworksBuildPhase;
			buildActionMask = 2147483647;
			files = (
			);
			runOnlyForDeploymentPostprocessing = 0;
		};
		22072A44254AEDE500C02031 /* Frameworks */ = {
			isa = PBXFrameworksBuildPhase;
			buildActionMask = 2147483647;
			files = (
			);
			runOnlyForDeploymentPostprocessing = 0;
		};
		22072A4F254AEDE500C02031 /* Frameworks */ = {
			isa = PBXFrameworksBuildPhase;
			buildActionMask = 2147483647;
			files = (
			);
			runOnlyForDeploymentPostprocessing = 0;
		};
/* End PBXFrameworksBuildPhase section */

/* Begin PBXGroup section */
		22072A25254AEDE400C02031 = {
			isa = PBXGroup;
			children = (
				22072A30254AEDE400C02031 /* DeliveryApp */,
				22072A4A254AEDE500C02031 /* DeliveryAppTests */,
				22072A55254AEDE500C02031 /* DeliveryAppUITests */,
				22072A2F254AEDE400C02031 /* Products */,
			);
			sourceTree = "<group>";
		};
		22072A2F254AEDE400C02031 /* Products */ = {
			isa = PBXGroup;
			children = (
				22072A2E254AEDE400C02031 /* DeliveryApp.app */,
				22072A47254AEDE500C02031 /* DeliveryAppTests.xctest */,
				22072A52254AEDE500C02031 /* DeliveryAppUITests.xctest */,
			);
			name = Products;
			sourceTree = "<group>";
		};
		22072A30254AEDE400C02031 /* DeliveryApp */ = {
			isa = PBXGroup;
			children = (
				22072A31254AEDE400C02031 /* AppDelegate.swift */,
				22072A33254AEDE400C02031 /* SceneDelegate.swift */,
				22072A38254AEDE400C02031 /* ContentView.swift */,
				22072A3A254AEDE500C02031 /* Assets.xcassets */,
				22072A3F254AEDE500C02031 /* LaunchScreen.storyboard */,
				22072A42254AEDE500C02031 /* Info.plist */,
				22072A35254AEDE400C02031 /* DeliveryApp.xcdatamodeld */,
				22072A3C254AEDE500C02031 /* Preview Content */,
			);
			path = DeliveryApp;
			sourceTree = "<group>";
		};
		22072A3C254AEDE500C02031 /* Preview Content */ = {
			isa = PBXGroup;
			children = (
				22072A3D254AEDE500C02031 /* Preview Assets.xcassets */,
			);
			path = "Preview Content";
			sourceTree = "<group>";
		};
		22072A4A254AEDE500C02031 /* DeliveryAppTests */ = {
			isa = PBXGroup;
			children = (
				22072A4B254AEDE500C02031 /* DeliveryAppTests.swift */,
				22072A4D254AEDE500C02031 /* Info.plist */,
			);
			path = DeliveryAppTests;
			sourceTree = "<group>";
		};
		22072A55254AEDE500C02031 /* DeliveryAppUITests */ = {
			isa = PBXGroup;
			children = (
				22072A56254AEDE500C02031 /* DeliveryAppUITests.swift */,
				22072A58254AEDE500C02031 /* Info.plist */,
			);
			path = DeliveryAppUITests;
			sourceTree = "<group>";
		};
/* End PBXGroup section */

/* Begin PBXNativeTarget section */
		22072A2D254AEDE400C02031 /* DeliveryApp */ = {
			isa = PBXNativeTarget;
			buildConfigurationList = 22072A5B254AEDE500C02031 /* Build configuration list for PBXNativeTarget "DeliveryApp" */;
			buildPhases = (
				22072A2A254AEDE400C02031 /* Sources */,
				22072A2B254AEDE400C02031 /* Frameworks */,
				22072A2C254AEDE400C02031 /* Resources */,
			);
			buildRules = (
			);
			dependencies = (
			);
			name = DeliveryApp;
			productName = DeliveryApp;
			productReference = 22072A2E254AEDE400C02031 /* DeliveryApp.app */;
			productType = "com.apple.product-type.application";
		};
		22072A46254AEDE500C02031 /* DeliveryAppTests */ = {
			isa = PBXNativeTarget;
			buildConfigurationList = 22072A5E254AEDE500C02031 /* Build configuration list for PBXNativeTarget "DeliveryAppTests" */;
			buildPhases = (
				22072A43254AEDE500C02031 /* Sources */,
				22072A44254AEDE500C02031 /* Frameworks */,
				22072A45254AEDE500C02031 /* Resources */,
			);
			buildRules = (
			);
			dependencies = (
				22072A49254AEDE500C02031 /* PBXTargetDependency */,
			);
			name = DeliveryAppTests;
			productName = DeliveryAppTests;
			productReference = 22072A47254AEDE500C02031 /* DeliveryAppTests.xctest */;
			productType = "com.apple.product-type.bundle.unit-test";
		};
		22072A51254AEDE500C02031 /* DeliveryAppUITests */ = {
			isa = PBXNativeTarget;
			buildConfigurationList = 22072A61254AEDE500C02031 /* Build configuration list for PBXNativeTarget "DeliveryAppUITests" */;
			buildPhases = (
				22072A4E254AEDE500C02031 /* Sources */,
				22072A4F254AEDE500C02031 /* Frameworks */,
				22072A50254AEDE500C02031 /* Resources */,
			);
			buildRules = (
			);
			dependencies = (
				22072A54254AEDE500C02031 /* PBXTargetDependency */,
			);
			name = DeliveryAppUITests;
			productName = DeliveryAppUITests;
			productReference = 22072A52254AEDE500C02031 /* DeliveryAppUITests.xctest */;
			productType = "com.apple.product-type.bundle.ui-testing";
		};
/* End PBXNativeTarget section */

/* Begin PBXProject section */
		22072A26254AEDE400C02031 /* Project object */ = {
			isa = PBXProject;
			attributes = {
				LastSwiftUpdateCheck = 1160;
				LastUpgradeCheck = 1160;
				ORGANIZATIONNAME = "Tomasz Konieczny";
				TargetAttributes = {
					22072A2D254AEDE400C02031 = {
						CreatedOnToolsVersion = 11.6;
					};
					22072A46254AEDE500C02031 = {
						CreatedOnToolsVersion = 11.6;
						TestTargetID = 22072A2D254AEDE400C02031;
					};
					22072A51254AEDE500C02031 = {
						CreatedOnToolsVersion = 11.6;
						TestTargetID = 22072A2D254AEDE400C02031;
					};
				};
			};
			buildConfigurationList = 22072A29254AEDE400C02031 /* Build configuration list for PBXProject "DeliveryApp" */;
			compatibilityVersion = "Xcode 9.3";
			developmentRegion = en;
			hasScannedForEncodings = 0;
			knownRegions = (
				en,
				Base,
			);
			mainGroup = 22072A25254AEDE400C02031;
			productRefGroup = 22072A2F254AEDE400C02031 /* Products */;
			projectDirPath = "";
			projectRoot = "";
			targets = (
				22072A2D254AEDE400C02031 /* DeliveryApp */,
				22072A46254AEDE500C02031 /* DeliveryAppTests */,
				22072A51254AEDE500C02031 /* DeliveryAppUITests */,
			);
		};
/* End PBXProject section */

/* Begin PBXResourcesBuildPhase section */
		22072A2C254AEDE400C02031 /* Resources */ = {
			isa = PBXResourcesBuildPhase;
			buildActionMask = 2147483647;
			files = (
				22072A41254AEDE500C02031 /* LaunchScreen.storyboard in Resources */,
				22072A3E254AEDE500C02031 /* Preview Assets.xcassets in Resources */,
				22072A3B254AEDE500C02031 /* Assets.xcassets in Resources */,
			);
			runOnlyForDeploymentPostprocessing = 0;
		};
		22072A45254AEDE500C02031 /* Resources */ = {
			isa = PBXResourcesBuildPhase;
			buildActionMask = 2147483647;
			files = (
			);
			runOnlyForDeploymentPostprocessing = 0;
		};
		22072A50254AEDE500C02031 /* Resources */ = {
			isa = PBXResourcesBuildPhase;
			buildActionMask = 2147483647;
			files = (
			);
			runOnlyForDeploymentPostprocessing = 0;
		};
/* End PBXResourcesBuildPhase section */

/* Begin PBXSourcesBuildPhase section */
		22072A2A254AEDE400C02031 /* Sources */ = {
			isa = PBXSourcesBuildPhase;
			buildActionMask = 2147483647;
			files = (
				22072A32254AEDE400C02031 /* AppDelegate.swift in Sources */,
				22072A37254AEDE400C02031 /* DeliveryApp.xcdatamodeld in Sources */,
				22072A39254AEDE400C02031 /* ContentView.swift in Sources */,
				22072A34254AEDE400C02031 /* SceneDelegate.swift in Sources */,
			);
			runOnlyForDeploymentPostprocessing = 0;
		};
		22072A43254AEDE500C02031 /* Sources */ = {
			isa = PBXSourcesBuildPhase;
			buildActionMask = 2147483647;
			files = (
				22072A4C254AEDE500C02031 /* DeliveryAppTests.swift in Sources */,
			);
			runOnlyForDeploymentPostprocessing = 0;
		};
		22072A4E254AEDE500C02031 /* Sources */ = {
			isa = PBXSourcesBuildPhase;
			buildActionMask = 2147483647;
			files = (
				22072A57254AEDE500C02031 /* DeliveryAppUITests.swift in Sources */,
			);
			runOnlyForDeploymentPostprocessing = 0;
		};
/* End PBXSourcesBuildPhase section */

/* Begin PBXTargetDependency section */
		22072A49254AEDE500C02031 /* PBXTargetDependency */ = {
			isa = PBXTargetDependency;
			target = 22072A2D254AEDE400C02031 /* DeliveryApp */;
			targetProxy = 22072A48254AEDE500C02031 /* PBXContainerItemProxy */;
		};
		22072A54254AEDE500C02031 /* PBXTargetDependency */ = {
			isa = PBXTargetDependency;
			target = 22072A2D254AEDE400C02031 /* DeliveryApp */;
			targetProxy = 22072A53254AEDE500C02031 /* PBXContainerItemProxy */;
		};
/* End PBXTargetDependency section */

/* Begin PBXVariantGroup section */
		22072A3F254AEDE500C02031 /* LaunchScreen.storyboard */ = {
			isa = PBXVariantGroup;
			children = (
				22072A40254AEDE500C02031 /* Base */,
			);
			name = LaunchScreen.storyboard;
			sourceTree = "<group>";
		};
/* End PBXVariantGroup section */

/* Begin XCBuildConfiguration section */
		22072A59254AEDE500C02031 /* Debug */ = {
			isa = XCBuildConfiguration;
			buildSettings = {
				ALWAYS_SEARCH_USER_PATHS = NO;
				CLANG_ANALYZER_NONNULL = YES;
				CLANG_ANALYZER_NUMBER_OBJECT_CONVERSION = YES_AGGRESSIVE;
				CLANG_CXX_LANGUAGE_STANDARD = "gnu++14";
				CLANG_CXX_LIBRARY = "libc++";
				CLANG_ENABLE_MODULES = YES;
				CLANG_ENABLE_OBJC_ARC = YES;
				CLANG_ENABLE_OBJC_WEAK = YES;
				CLANG_WARN_BLOCK_CAPTURE_AUTORELEASING = YES;
				CLANG_WARN_BOOL_CONVERSION = YES;
				CLANG_WARN_COMMA = YES;
				CLANG_WARN_CONSTANT_CONVERSION = YES;
				CLANG_WARN_DEPRECATED_OBJC_IMPLEMENTATIONS = YES;
				CLANG_WARN_DIRECT_OBJC_ISA_USAGE = YES_ERROR;
				CLANG_WARN_DOCUMENTATION_COMMENTS = YES;
				CLANG_WARN_EMPTY_BODY = YES;
				CLANG_WARN_ENUM_CONVERSION = YES;
				CLANG_WARN_INFINITE_RECURSION = YES;
				CLANG_WARN_INT_CONVERSION = YES;
				CLANG_WARN_NON_LITERAL_NULL_CONVERSION = YES;
				CLANG_WARN_OBJC_IMPLICIT_RETAIN_SELF = YES;
				CLANG_WARN_OBJC_LITERAL_CONVERSION = YES;
				CLANG_WARN_OBJC_ROOT_CLASS = YES_ERROR;
				CLANG_WARN_RANGE_LOOP_ANALYSIS = YES;
				CLANG_WARN_STRICT_PROTOTYPES = YES;
				CLANG_WARN_SUSPICIOUS_MOVE = YES;
				CLANG_WARN_UNGUARDED_AVAILABILITY = YES_AGGRESSIVE;
				CLANG_WARN_UNREACHABLE_CODE = YES;
				CLANG_WARN__DUPLICATE_METHOD_MATCH = YES;
				COPY_PHASE_STRIP = NO;
				DEBUG_INFORMATION_FORMAT = dwarf;
				ENABLE_STRICT_OBJC_MSGSEND = YES;
				ENABLE_TESTABILITY = YES;
				GCC_C_LANGUAGE_STANDARD = gnu11;
				GCC_DYNAMIC_NO_PIC = NO;
				GCC_NO_COMMON_BLOCKS = YES;
				GCC_OPTIMIZATION_LEVEL = 0;
				GCC_PREPROCESSOR_DEFINITIONS = (
					"DEBUG=1",
					"$(inherited)",
				);
				GCC_WARN_64_TO_32_BIT_CONVERSION = YES;
				GCC_WARN_ABOUT_RETURN_TYPE = YES_ERROR;
				GCC_WARN_UNDECLARED_SELECTOR = YES;
				GCC_WARN_UNINITIALIZED_AUTOS = YES_AGGRESSIVE;
				GCC_WARN_UNUSED_FUNCTION = YES;
				GCC_WARN_UNUSED_VARIABLE = YES;
				IPHONEOS_DEPLOYMENT_TARGET = 13.6;
				MTL_ENABLE_DEBUG_INFO = INCLUDE_SOURCE;
				MTL_FAST_MATH = YES;
				ONLY_ACTIVE_ARCH = YES;
				SDKROOT = iphoneos;
				SWIFT_ACTIVE_COMPILATION_CONDITIONS = DEBUG;
				SWIFT_OPTIMIZATION_LEVEL = "-Onone";
			};
			name = Debug;
		};
		22072A5A254AEDE500C02031 /* Release */ = {
			isa = XCBuildConfiguration;
			buildSettings = {
				ALWAYS_SEARCH_USER_PATHS = NO;
				CLANG_ANALYZER_NONNULL = YES;
				CLANG_ANALYZER_NUMBER_OBJECT_CONVERSION = YES_AGGRESSIVE;
				CLANG_CXX_LANGUAGE_STANDARD = "gnu++14";
				CLANG_CXX_LIBRARY = "libc++";
				CLANG_ENABLE_MODULES = YES;
				CLANG_ENABLE_OBJC_ARC = YES;
				CLANG_ENABLE_OBJC_WEAK = YES;
				CLANG_WARN_BLOCK_CAPTURE_AUTORELEASING = YES;
				CLANG_WARN_BOOL_CONVERSION = YES;
				CLANG_WARN_COMMA = YES;
				CLANG_WARN_CONSTANT_CONVERSION = YES;
				CLANG_WARN_DEPRECATED_OBJC_IMPLEMENTATIONS = YES;
				CLANG_WARN_DIRECT_OBJC_ISA_USAGE = YES_ERROR;
				CLANG_WARN_DOCUMENTATION_COMMENTS = YES;
				CLANG_WARN_EMPTY_BODY = YES;
				CLANG_WARN_ENUM_CONVERSION = YES;
				CLANG_WARN_INFINITE_RECURSION = YES;
				CLANG_WARN_INT_CONVERSION = YES;
				CLANG_WARN_NON_LITERAL_NULL_CONVERSION = YES;
				CLANG_WARN_OBJC_IMPLICIT_RETAIN_SELF = YES;
				CLANG_WARN_OBJC_LITERAL_CONVERSION = YES;
				CLANG_WARN_OBJC_ROOT_CLASS = YES_ERROR;
				CLANG_WARN_RANGE_LOOP_ANALYSIS = YES;
				CLANG_WARN_STRICT_PROTOTYPES = YES;
				CLANG_WARN_SUSPICIOUS_MOVE = YES;
				CLANG_WARN_UNGUARDED_AVAILABILITY = YES_AGGRESSIVE;
				CLANG_WARN_UNREACHABLE_CODE = YES;
				CLANG_WARN__DUPLICATE_METHOD_MATCH = YES;
				COPY_PHASE_STRIP = NO;
				DEBUG_INFORMATION_FORMAT = "dwarf-with-dsym";
				ENABLE_NS_ASSERTIONS = NO;
				ENABLE_STRICT_OBJC_MSGSEND = YES;
				GCC_C_LANGUAGE_STANDARD = gnu11;
				GCC_NO_COMMON_BLOCKS = YES;
				GCC_WARN_64_TO_32_BIT_CONVERSION = YES;
				GCC_WARN_ABOUT_RETURN_TYPE = YES_ERROR;
				GCC_WARN_UNDECLARED_SELECTOR = YES;
				GCC_WARN_UNINITIALIZED_AUTOS = YES_AGGRESSIVE;
				GCC_WARN_UNUSED_FUNCTION = YES;
				GCC_WARN_UNUSED_VARIABLE = YES;
				IPHONEOS_DEPLOYMENT_TARGET = 13.6;
				MTL_ENABLE_DEBUG_INFO = NO;
				MTL_FAST_MATH = YES;
				SDKROOT = iphoneos;
				SWIFT_COMPILATION_MODE = wholemodule;
				SWIFT_OPTIMIZATION_LEVEL = "-O";
				VALIDATE_PRODUCT = YES;
			};
			name = Release;
		};
		22072A5C254AEDE500C02031 /* Debug */ = {
			isa = XCBuildConfiguration;
			buildSettings = {
				ASSETCATALOG_COMPILER_APPICON_NAME = AppIcon;
				CODE_SIGN_STYLE = Automatic;
				DEVELOPMENT_ASSET_PATHS = "\"DeliveryApp/Preview Content\"";
				DEVELOPMENT_TEAM = J78RKCTQLQ;
				ENABLE_PREVIEWS = YES;
				INFOPLIST_FILE = DeliveryApp/Info.plist;
				LD_RUNPATH_SEARCH_PATHS = (
					"$(inherited)",
					"@executable_path/Frameworks",
				);
				PRODUCT_BUNDLE_IDENTIFIER = pwsz.tk.DeliveryApp;
				PRODUCT_NAME = "$(TARGET_NAME)";
				SWIFT_VERSION = 5.0;
				TARGETED_DEVICE_FAMILY = "1,2";
			};
			name = Debug;
		};
		22072A5D254AEDE500C02031 /* Release */ = {
			isa = XCBuildConfiguration;
			buildSettings = {
				ASSETCATALOG_COMPILER_APPICON_NAME = AppIcon;
				CODE_SIGN_STYLE = Automatic;
				DEVELOPMENT_ASSET_PATHS = "\"DeliveryApp/Preview Content\"";
				DEVELOPMENT_TEAM = J78RKCTQLQ;
				ENABLE_PREVIEWS = YES;
				INFOPLIST_FILE = DeliveryApp/Info.plist;
				LD_RUNPATH_SEARCH_PATHS = (
					"$(inherited)",
					"@executable_path/Frameworks",
				);
				PRODUCT_BUNDLE_IDENTIFIER = pwsz.tk.DeliveryApp;
				PRODUCT_NAME = "$(TARGET_NAME)";
				SWIFT_VERSION = 5.0;
				TARGETED_DEVICE_FAMILY = "1,2";
			};
			name = Release;
		};
		22072A5F254AEDE500C02031 /* Debug */ = {
			isa = XCBuildConfiguration;
			buildSettings = {
				ALWAYS_EMBED_SWIFT_STANDARD_LIBRARIES = YES;
				BUNDLE_LOADER = "$(TEST_HOST)";
				CODE_SIGN_STYLE = Automatic;
				DEVELOPMENT_TEAM = J78RKCTQLQ;
				INFOPLIST_FILE = DeliveryAppTests/Info.plist;
				IPHONEOS_DEPLOYMENT_TARGET = 13.6;
				LD_RUNPATH_SEARCH_PATHS = (
					"$(inherited)",
					"@executable_path/Frameworks",
					"@loader_path/Frameworks",
				);
				PRODUCT_BUNDLE_IDENTIFIER = pwsz.tk.DeliveryAppTests;
				PRODUCT_NAME = "$(TARGET_NAME)";
				SWIFT_VERSION = 5.0;
				TARGETED_DEVICE_FAMILY = "1,2";
				TEST_HOST = "$(BUILT_PRODUCTS_DIR)/DeliveryApp.app/DeliveryApp";
			};
			name = Debug;
		};
		22072A60254AEDE500C02031 /* Release */ = {
			isa = XCBuildConfiguration;
			buildSettings = {
				ALWAYS_EMBED_SWIFT_STANDARD_LIBRARIES = YES;
				BUNDLE_LOADER = "$(TEST_HOST)";
				CODE_SIGN_STYLE = Automatic;
				DEVELOPMENT_TEAM = J78RKCTQLQ;
				INFOPLIST_FILE = DeliveryAppTests/Info.plist;
				IPHONEOS_DEPLOYMENT_TARGET = 13.6;
				LD_RUNPATH_SEARCH_PATHS = (
					"$(inherited)",
					"@executable_path/Frameworks",
					"@loader_path/Frameworks",
				);
				PRODUCT_BUNDLE_IDENTIFIER = pwsz.tk.DeliveryAppTests;
				PRODUCT_NAME = "$(TARGET_NAME)";
				SWIFT_VERSION = 5.0;
				TARGETED_DEVICE_FAMILY = "1,2";
				TEST_HOST = "$(BUILT_PRODUCTS_DIR)/DeliveryApp.app/DeliveryApp";
			};
			name = Release;
		};
		22072A62254AEDE500C02031 /* Debug */ = {
			isa = XCBuildConfiguration;
			buildSettings = {
				ALWAYS_EMBED_SWIFT_STANDARD_LIBRARIES = YES;
				CODE_SIGN_STYLE = Automatic;
				DEVELOPMENT_TEAM = J78RKCTQLQ;
				INFOPLIST_FILE = DeliveryAppUITests/Info.plist;
				LD_RUNPATH_SEARCH_PATHS = (
					"$(inherited)",
					"@executable_path/Frameworks",
					"@loader_path/Frameworks",
				);
				PRODUCT_BUNDLE_IDENTIFIER = pwsz.tk.DeliveryAppUITests;
				PRODUCT_NAME = "$(TARGET_NAME)";
				SWIFT_VERSION = 5.0;
				TARGETED_DEVICE_FAMILY = "1,2";
				TEST_TARGET_NAME = DeliveryApp;
			};
			name = Debug;
		};
		22072A63254AEDE500C02031 /* Release */ = {
			isa = XCBuildConfiguration;
			buildSettings = {
				ALWAYS_EMBED_SWIFT_STANDARD_LIBRARIES = YES;
				CODE_SIGN_STYLE = Automatic;
				DEVELOPMENT_TEAM = J78RKCTQLQ;
				INFOPLIST_FILE = DeliveryAppUITests/Info.plist;
				LD_RUNPATH_SEARCH_PATHS = (
					"$(inherited)",
					"@executable_path/Frameworks",
					"@loader_path/Frameworks",
				);
				PRODUCT_BUNDLE_IDENTIFIER = pwsz.tk.DeliveryAppUITests;
				PRODUCT_NAME = "$(TARGET_NAME)";
				SWIFT_VERSION = 5.0;
				TARGETED_DEVICE_FAMILY = "1,2";
				TEST_TARGET_NAME = DeliveryApp;
			};
			name = Release;
		};
/* End XCBuildConfiguration section */

/* Begin XCConfigurationList section */
		22072A29254AEDE400C02031 /* Build configuration list for PBXProject "DeliveryApp" */ = {
			isa = XCConfigurationList;
			buildConfigurations = (
				22072A59254AEDE500C02031 /* Debug */,
				22072A5A254AEDE500C02031 /* Release */,
			);
			defaultConfigurationIsVisible = 0;
			defaultConfigurationName = Release;
		};
		22072A5B254AEDE500C02031 /* Build configuration list for PBXNativeTarget "DeliveryApp" */ = {
			isa = XCConfigurationList;
			buildConfigurations = (
				22072A5C254AEDE500C02031 /* Debug */,
				22072A5D254AEDE500C02031 /* Release */,
			);
			defaultConfigurationIsVisible = 0;
			defaultConfigurationName = Release;
		};
		22072A5E254AEDE500C02031 /* Build configuration list for PBXNativeTarget "DeliveryAppTests" */ = {
			isa = XCConfigurationList;
			buildConfigurations = (
				22072A5F254AEDE500C02031 /* Debug */,
				22072A60254AEDE500C02031 /* Release */,
			);
			defaultConfigurationIsVisible = 0;
			defaultConfigurationName = Release;
		};
		22072A61254AEDE500C02031 /* Build configuration list for PBXNativeTarget "DeliveryAppUITests" */ = {
			isa = XCConfigurationList;
			buildConfigurations = (
				22072A62254AEDE500C02031 /* Debug */,
				22072A63254AEDE500C02031 /* Release */,
			);
			defaultConfigurationIsVisible = 0;
			defaultConfigurationName = Release;
		};
/* End XCConfigurationList section */

/* Begin XCVersionGroup section */
		22072A35254AEDE400C02031 /* DeliveryApp.xcdatamodeld */ = {
			isa = XCVersionGroup;
			children = (
				22072A36254AEDE400C02031 /* DeliveryApp.xcdatamodel */,
			);
			currentVersion = 22072A36254AEDE400C02031 /* DeliveryApp.xcdatamodel */;
			path = DeliveryApp.xcdatamodeld;
			sourceTree = "<group>";
			versionGroupType = wrapper.xcdatamodel;
		};
/* End XCVersionGroup section */
	};
	rootObject = 22072A26254AEDE400C02031 /* Project object */;
}
